// !$*UTF8*$!
{
	archiveVersion = 1;
	classes = {
	};
	objectVersion = 46;
	objects = {

/* Begin PBXBuildFile section */
		FEFFE6D41B2661DF00D77948 /* AppDelegate.swift in Sources */ = {isa = PBXBuildFile; fileRef = FEFFE6D31B2661DF00D77948 /* AppDelegate.swift */; };
		FEFFE6D61B2661DF00D77948 /* ViewController.swift in Sources */ = {isa = PBXBuildFile; fileRef = FEFFE6D51B2661DF00D77948 /* ViewController.swift */; };
		FEFFE6D91B2661DF00D77948 /* Main.storyboard in Resources */ = {isa = PBXBuildFile; fileRef = FEFFE6D71B2661DF00D77948 /* Main.storyboard */; };
		FEFFE6DB1B2661DF00D77948 /* Images.xcassets in Resources */ = {isa = PBXBuildFile; fileRef = FEFFE6DA1B2661DF00D77948 /* Images.xcassets */; };
		FEFFE6DE1B2661DF00D77948 /* LaunchScreen.xib in Resources */ = {isa = PBXBuildFile; fileRef = FEFFE6DC1B2661DF00D77948 /* LaunchScreen.xib */; };
		FEFFE6EA1B2661DF00D77948 /* Lesson2ExampleTests.swift in Sources */ = {isa = PBXBuildFile; fileRef = FEFFE6E91B2661DF00D77948 /* Lesson2ExampleTests.swift */; };
		FEFFE6F41B2667C100D77948 /* DPN original photo.JPG in Resources */ = {isa = PBXBuildFile; fileRef = FEFFE6F31B2667C100D77948 /* DPN original photo.JPG */; };
/* End PBXBuildFile section */

/* Begin PBXContainerItemProxy section */
		FEFFE6E41B2661DF00D77948 /* PBXContainerItemProxy */ = {
			isa = PBXContainerItemProxy;
			containerPortal = FEFFE6C61B2661DF00D77948 /* Project object */;
			proxyType = 1;
			remoteGlobalIDString = FEFFE6CD1B2661DF00D77948;
			remoteInfo = Lesson2Example;
		};
/* End PBXContainerItemProxy section */

/* Begin PBXFileReference section */
		FEFFE6CE1B2661DF00D77948 /* Lesson2Example.app */ = {isa = PBXFileReference; explicitFileType = wrapper.application; includeInIndex = 0; path = Lesson2Example.app; sourceTree = BUILT_PRODUCTS_DIR; };
		FEFFE6D21B2661DF00D77948 /* Info.plist */ = {isa = PBXFileReference; lastKnownFileType = text.plist.xml; path = Info.plist; sourceTree = "<group>"; };
		FEFFE6D31B2661DF00D77948 /* AppDelegate.swift */ = {isa = PBXFileReference; lastKnownFileType = sourcecode.swift; path = AppDelegate.swift; sourceTree = "<group>"; };
		FEFFE6D51B2661DF00D77948 /* ViewController.swift */ = {isa = PBXFileReference; lastKnownFileType = sourcecode.swift; path = ViewController.swift; sourceTree = "<group>"; };
		FEFFE6D81B2661DF00D77948 /* Base */ = {isa = PBXFileReference; lastKnownFileType = file.storyboard; name = Base; path = Base.lproj/Main.storyboard; sourceTree = "<group>"; };
		FEFFE6DA1B2661DF00D77948 /* Images.xcassets */ = {isa = PBXFileReference; lastKnownFileType = folder.assetcatalog; path = Images.xcassets; sourceTree = "<group>"; };
		FEFFE6DD1B2661DF00D77948 /* Base */ = {isa = PBXFileReference; lastKnownFileType = file.xib; name = Base; path = Base.lproj/LaunchScreen.xib; sourceTree = "<group>"; };
		FEFFE6E31B2661DF00D77948 /* Lesson2ExampleTests.xctest */ = {isa = PBXFileReference; explicitFileType = wrapper.cfbundle; includeInIndex = 0; path = Lesson2ExampleTests.xctest; sourceTree = BUILT_PRODUCTS_DIR; };
		FEFFE6E81B2661DF00D77948 /* Info.plist */ = {isa = PBXFileReference; lastKnownFileType = text.plist.xml; path = Info.plist; sourceTree = "<group>"; };
		FEFFE6E91B2661DF00D77948 /* Lesson2ExampleTests.swift */ = {isa = PBXFileReference; lastKnownFileType = sourcecode.swift; path = Lesson2ExampleTests.swift; sourceTree = "<group>"; };
		FEFFE6F31B2667C100D77948 /* DPN original photo.JPG */ = {isa = PBXFileReference; lastKnownFileType = image.jpeg; name = "DPN original photo.JPG"; path = "../../../../../../Downloads/DPN original photo.JPG"; sourceTree = "<group>"; };
/* End PBXFileReference section */

/* Begin PBXFrameworksBuildPhase section */
		FEFFE6CB1B2661DF00D77948 /* Frameworks */ = {
			isa = PBXFrameworksBuildPhase;
			buildActionMask = 2147483647;
			files = (
			);
			runOnlyForDeploymentPostprocessing = 0;
		};
		FEFFE6E01B2661DF00D77948 /* Frameworks */ = {
			isa = PBXFrameworksBuildPhase;
			buildActionMask = 2147483647;
			files = (
			);
			runOnlyForDeploymentPostprocessing = 0;
		};
/* End PBXFrameworksBuildPhase section */

/* Begin PBXGroup section */
		FEFFE6C51B2661DF00D77948 = {
			isa = PBXGroup;
			children = (
				FEFFE6D01B2661DF00D77948 /* Lesson2Example */,
				FEFFE6E61B2661DF00D77948 /* Lesson2ExampleTests */,
				FEFFE6CF1B2661DF00D77948 /* Products */,
			);
			sourceTree = "<group>";
		};
		FEFFE6CF1B2661DF00D77948 /* Products */ = {
			isa = PBXGroup;
			children = (
				FEFFE6CE1B2661DF00D77948 /* Lesson2Example.app */,
				FEFFE6E31B2661DF00D77948 /* Lesson2ExampleTests.xctest */,
			);
			name = Products;
			sourceTree = "<group>";
		};
		FEFFE6D01B2661DF00D77948 /* Lesson2Example */ = {
			isa = PBXGroup;
			children = (
				FEFFE6D31B2661DF00D77948 /* AppDelegate.swift */,
				FEFFE6D51B2661DF00D77948 /* ViewController.swift */,
				FEFFE6D71B2661DF00D77948 /* Main.storyboard */,
				FEFFE6F31B2667C100D77948 /* DPN original photo.JPG */,
				FEFFE6DA1B2661DF00D77948 /* Images.xcassets */,
				FEFFE6DC1B2661DF00D77948 /* LaunchScreen.xib */,
				FEFFE6D11B2661DF00D77948 /* Supporting Files */,
			);
			path = Lesson2Example;
			sourceTree = "<group>";
		};
		FEFFE6D11B2661DF00D77948 /* Supporting Files */ = {
			isa = PBXGroup;
			children = (
				FEFFE6D21B2661DF00D77948 /* Info.plist */,
			);
			name = "Supporting Files";
			sourceTree = "<group>";
		};
		FEFFE6E61B2661DF00D77948 /* Lesson2ExampleTests */ = {
			isa = PBXGroup;
			children = (
				FEFFE6E91B2661DF00D77948 /* Lesson2ExampleTests.swift */,
				FEFFE6E71B2661DF00D77948 /* Supporting Files */,
			);
			path = Lesson2ExampleTests;
			sourceTree = "<group>";
		};
		FEFFE6E71B2661DF00D77948 /* Supporting Files */ = {
			isa = PBXGroup;
			children = (
				FEFFE6E81B2661DF00D77948 /* Info.plist */,
			);
			name = "Supporting Files";
			sourceTree = "<group>";
		};
/* End PBXGroup section */

/* Begin PBXNativeTarget section */
		FEFFE6CD1B2661DF00D77948 /* Lesson2Example */ = {
			isa = PBXNativeTarget;
			buildConfigurationList = FEFFE6ED1B2661DF00D77948 /* Build configuration list for PBXNativeTarget "Lesson2Example" */;
			buildPhases = (
				FEFFE6CA1B2661DF00D77948 /* Sources */,
				FEFFE6CB1B2661DF00D77948 /* Frameworks */,
				FEFFE6CC1B2661DF00D77948 /* Resources */,
			);
			buildRules = (
			);
			dependencies = (
			);
			name = Lesson2Example;
			productName = Lesson2Example;
			productReference = FEFFE6CE1B2661DF00D77948 /* Lesson2Example.app */;
			productType = "com.apple.product-type.application";
		};
		FEFFE6E21B2661DF00D77948 /* Lesson2ExampleTests */ = {
			isa = PBXNativeTarget;
			buildConfigurationList = FEFFE6F01B2661DF00D77948 /* Build configuration list for PBXNativeTarget "Lesson2ExampleTests" */;
			buildPhases = (
				FEFFE6DF1B2661DF00D77948 /* Sources */,
				FEFFE6E01B2661DF00D77948 /* Frameworks */,
				FEFFE6E11B2661DF00D77948 /* Resources */,
			);
			buildRules = (
			);
			dependencies = (
				FEFFE6E51B2661DF00D77948 /* PBXTargetDependency */,
			);
			name = Lesson2ExampleTests;
			productName = Lesson2ExampleTests;
			productReference = FEFFE6E31B2661DF00D77948 /* Lesson2ExampleTests.xctest */;
			productType = "com.apple.product-type.bundle.unit-test";
		};
/* End PBXNativeTarget section */

/* Begin PBXProject section */
		FEFFE6C61B2661DF00D77948 /* Project object */ = {
			isa = PBXProject;
			attributes = {
				LastUpgradeCheck = 0630;
				ORGANIZATIONNAME = "Luke Kanter";
				TargetAttributes = {
					FEFFE6CD1B2661DF00D77948 = {
						CreatedOnToolsVersion = 6.3.2;
					};
					FEFFE6E21B2661DF00D77948 = {
						CreatedOnToolsVersion = 6.3.2;
						TestTargetID = FEFFE6CD1B2661DF00D77948;
					};
				};
			};
			buildConfigurationList = FEFFE6C91B2661DF00D77948 /* Build configuration list for PBXProject "Lesson2Example" */;
			compatibilityVersion = "Xcode 3.2";
			developmentRegion = English;
			hasScannedForEncodings = 0;
			knownRegions = (
				en,
				Base,
			);
			mainGroup = FEFFE6C51B2661DF00D77948;
			productRefGroup = FEFFE6CF1B2661DF00D77948 /* Products */;
			projectDirPath = "";
			projectRoot = "";
			targets = (
				FEFFE6CD1B2661DF00D77948 /* Lesson2Example */,
				FEFFE6E21B2661DF00D77948 /* Lesson2ExampleTests */,
			);
		};
/* End PBXProject section */

/* Begin PBXResourcesBuildPhase section */
		FEFFE6CC1B2661DF00D77948 /* Resources */ = {
			isa = PBXResourcesBuildPhase;
			buildActionMask = 2147483647;
			files = (
				FEFFE6D91B2661DF00D77948 /* Main.storyboard in Resources */,
				FEFFE6DE1B2661DF00D77948 /* LaunchScreen.xib in Resources */,
				FEFFE6F41B2667C100D77948 /* DPN original photo.JPG in Resources */,
				FEFFE6DB1B2661DF00D77948 /* Images.xcassets in Resources */,
			);
			runOnlyForDeploymentPostprocessing = 0;
		};
		FEFFE6E11B2661DF00D77948 /* Resources */ = {
			isa = PBXResourcesBuildPhase;
			buildActionMask = 2147483647;
			files = (
			);
			runOnlyForDeploymentPostprocessing = 0;
		};
/* End PBXResourcesBuildPhase section */

/* Begin PBXSourcesBuildPhase section */
		FEFFE6CA1B2661DF00D77948 /* Sources */ = {
			isa = PBXSourcesBuildPhase;
			buildActionMask = 2147483647;
			files = (
				FEFFE6D61B2661DF00D77948 /* ViewController.swift in Sources */,
				FEFFE6D41B2661DF00D77948 /* AppDelegate.swift in Sources */,
			);
			runOnlyForDeploymentPostprocessing = 0;
		};
		FEFFE6DF1B2661DF00D77948 /* Sources */ = {
			isa = PBXSourcesBuildPhase;
			buildActionMask = 2147483647;
			files = (
				FEFFE6EA1B2661DF00D77948 /* Lesson2ExampleTests.swift in Sources */,
			);
			runOnlyForDeploymentPostprocessing = 0;
		};
/* End PBXSourcesBuildPhase section */

/* Begin PBXTargetDependency section */
		FEFFE6E51B2661DF00D77948 /* PBXTargetDependency */ = {
			isa = PBXTargetDependency;
			target = FEFFE6CD1B2661DF00D77948 /* Lesson2Example */;
			targetProxy = FEFFE6E41B2661DF00D77948 /* PBXContainerItemProxy */;
		};
/* End PBXTargetDependency section */

/* Begin PBXVariantGroup section */
		FEFFE6D71B2661DF00D77948 /* Main.storyboard */ = {
			isa = PBXVariantGroup;
			children = (
				FEFFE6D81B2661DF00D77948 /* Base */,
			);
			name = Main.storyboard;
			sourceTree = "<group>";
		};
		FEFFE6DC1B2661DF00D77948 /* LaunchScreen.xib */ = {
			isa = PBXVariantGroup;
			children = (
				FEFFE6DD1B2661DF00D77948 /* Base */,
			);
			name = LaunchScreen.xib;
			sourceTree = "<group>";
		};
/* End PBXVariantGroup section */

/* Begin XCBuildConfiguration section */
		FEFFE6EB1B2661DF00D77948 /* Debug */ = {
			isa = XCBuildConfiguration;
			buildSettings = {
				ALWAYS_SEARCH_USER_PATHS = NO;
				CLANG_CXX_LANGUAGE_STANDARD = "gnu++0x";
				CLANG_CXX_LIBRARY = "libc++";
				CLANG_ENABLE_MODULES = YES;
				CLANG_ENABLE_OBJC_ARC = YES;
				CLANG_WARN_BOOL_CONVERSION = YES;
				CLANG_WARN_CONSTANT_CONVERSION = YES;
				CLANG_WARN_DIRECT_OBJC_ISA_USAGE = YES_ERROR;
				CLANG_WARN_EMPTY_BODY = YES;
				CLANG_WARN_ENUM_CONVERSION = YES;
				CLANG_WARN_INT_CONVERSION = YES;
				CLANG_WARN_OBJC_ROOT_CLASS = YES_ERROR;
				CLANG_WARN_UNREACHABLE_CODE = YES;
				CLANG_WARN__DUPLICATE_METHOD_MATCH = YES;
				"CODE_SIGN_IDENTITY[sdk=iphoneos*]" = "iPhone Developer";
				COPY_PHASE_STRIP = NO;
				DEBUG_INFORMATION_FORMAT = "dwarf-with-dsym";
				ENABLE_STRICT_OBJC_MSGSEND = YES;
				GCC_C_LANGUAGE_STANDARD = gnu99;
				GCC_DYNAMIC_NO_PIC = NO;
				GCC_NO_COMMON_BLOCKS = YES;
				GCC_OPTIMIZATION_LEVEL = 0;
				GCC_PREPROCESSOR_DEFINITIONS = (
					"DEBUG=1",
					"$(inherited)",
				);
				GCC_SYMBOLS_PRIVATE_EXTERN = NO;
				GCC_WARN_64_TO_32_BIT_CONVERSION = YES;
				GCC_WARN_ABOUT_RETURN_TYPE = YES_ERROR;
				GCC_WARN_UNDECLARED_SELECTOR = YES;
				GCC_WARN_UNINITIALIZED_AUTOS = YES_AGGRESSIVE;
				GCC_WARN_UNUSED_FUNCTION = YES;
				GCC_WARN_UNUSED_VARIABLE = YES;
				IPHONEOS_DEPLOYMENT_TARGET = 8.3;
				MTL_ENABLE_DEBUG_INFO = YES;
				ONLY_ACTIVE_ARCH = YES;
				SDKROOT = iphoneos;
				SWIFT_OPTIMIZATION_LEVEL = "-Onone";
			};
			name = Debug;
		};
		FEFFE6EC1B2661DF00D77948 /* Release */ = {
			isa = XCBuildConfiguration;
			buildSettings = {
				ALWAYS_SEARCH_USER_PATHS = NO;
				CLANG_CXX_LANGUAGE_STANDARD = "gnu++0x";
				CLANG_CXX_LIBRARY = "libc++";
				CLANG_ENABLE_MODULES = YES;
				CLANG_ENABLE_OBJC_ARC = YES;
				CLANG_WARN_BOOL_CONVERSION = YES;
				CLANG_WARN_CONSTANT_CONVERSION = YES;
				CLANG_WARN_DIRECT_OBJC_ISA_USAGE = YES_ERROR;
				CLANG_WARN_EMPTY_BODY = YES;
				CLANG_WARN_ENUM_CONVERSION = YES;
				CLANG_WARN_INT_CONVERSION = YES;
				CLANG_WARN_OBJC_ROOT_CLASS = YES_ERROR;
				CLANG_WARN_UNREACHABLE_CODE = YES;
				CLANG_WARN__DUPLICATE_METHOD_MATCH = YES;
				"CODE_SIGN_IDENTITY[sdk=iphoneos*]" = "iPhone Developer";
				COPY_PHASE_STRIP = NO;
				DEBUG_INFORMATION_FORMAT = "dwarf-with-dsym";
				ENABLE_NS_ASSERTIONS = NO;
				ENABLE_STRICT_OBJC_MSGSEND = YES;
				GCC_C_LANGUAGE_STANDARD = gnu99;
				GCC_NO_COMMON_BLOCKS = YES;
				GCC_WARN_64_TO_32_BIT_CONVERSION = YES;
				GCC_WARN_ABOUT_RETURN_TYPE = YES_ERROR;
				GCC_WARN_UNDECLARED_SELECTOR = YES;
				GCC_WARN_UNINITIALIZED_AUTOS = YES_AGGRESSIVE;
				GCC_WARN_UNUSED_FUNCTION = YES;
				GCC_WARN_UNUSED_VARIABLE = YES;
				IPHONEOS_DEPLOYMENT_TARGET = 8.3;
				MTL_ENABLE_DEBUG_INFO = NO;
				SDKROOT = iphoneos;
				VALIDATE_PRODUCT = YES;
			};
			name = Release;
		};
		FEFFE6EE1B2661DF00D77948 /* Debug */ = {
			isa = XCBuildConfiguration;
			buildSettings = {
				ASSETCATALOG_COMPILER_APPICON_NAME = AppIcon;
				INFOPLIST_FILE = Lesson2Example/Info.plist;
				LD_RUNPATH_SEARCH_PATHS = "$(inherited) @executable_path/Frameworks";
				PRODUCT_NAME = "$(TARGET_NAME)";
			};
			name = Debug;
		};
		FEFFE6EF1B2661DF00D77948 /* Release */ = {
			isa = XCBuildConfiguration;
			buildSettings = {
				ASSETCATALOG_COMPILER_APPICON_NAME = AppIcon;
				INFOPLIST_FILE = Lesson2Example/Info.plist;
				LD_RUNPATH_SEARCH_PATHS = "$(inherited) @executable_path/Frameworks";
				PRODUCT_NAME = "$(TARGET_NAME)";
			};
			name = Release;
		};
		FEFFE6F11B2661DF00D77948 /* Debug */ = {
			isa = XCBuildConfiguration;
			buildSettings = {
				BUNDLE_LOADER = "$(TEST_HOST)";
				FRAMEWORK_SEARCH_PATHS = (
					"$(SDKROOT)/Developer/Library/Frameworks",
					"$(inherited)",
				);
				GCC_PREPROCESSOR_DEFINITIONS = (
					"DEBUG=1",
					"$(inherited)",
				);
				INFOPLIST_FILE = Lesson2ExampleTests/Info.plist;
				LD_RUNPATH_SEARCH_PATHS = "$(inherited) @executable_path/Frameworks @loader_path/Frameworks";
				PRODUCT_NAME = "$(TARGET_NAME)";
				TEST_HOST = "$(BUILT_PRODUCTS_DIR)/Lesson2Example.app/Lesson2Example";
			};
			name = Debug;
		};
		FEFFE6F21B2661DF00D77948 /* Release */ = {
			isa = XCBuildConfiguration;
			buildSettings = {
				BUNDLE_LOADER = "$(TEST_HOST)";
				FRAMEWORK_SEARCH_PATHS = (
					"$(SDKROOT)/Developer/Library/Frameworks",
					"$(inherited)",
				);
				INFOPLIST_FILE = Lesson2ExampleTests/Info.plist;
				LD_RUNPATH_SEARCH_PATHS = "$(inherited) @executable_path/Frameworks @loader_path/Frameworks";
				PRODUCT_NAME = "$(TARGET_NAME)";
				TEST_HOST = "$(BUILT_PRODUCTS_DIR)/Lesson2Example.app/Lesson2Example";
			};
			name = Release;
		};
/* End XCBuildConfiguration section */

/* Begin XCConfigurationList section */
		FEFFE6C91B2661DF00D77948 /* Build configuration list for PBXProject "Lesson2Example" */ = {
			isa = XCConfigurationList;
			buildConfigurations = (
				FEFFE6EB1B2661DF00D77948 /* Debug */,
				FEFFE6EC1B2661DF00D77948 /* Release */,
			);
			defaultConfigurationIsVisible = 0;
			defaultConfigurationName = Release;
		};
		FEFFE6ED1B2661DF00D77948 /* Build configuration list for PBXNativeTarget "Lesson2Example" */ = {
			isa = XCConfigurationList;
			buildConfigurations = (
				FEFFE6EE1B2661DF00D77948 /* Debug */,
				FEFFE6EF1B2661DF00D77948 /* Release */,
			);
			defaultConfigurationIsVisible = 0;
			defaultConfigurationName = Release;
		};
		FEFFE6F01B2661DF00D77948 /* Build configuration list for PBXNativeTarget "Lesson2ExampleTests" */ = {
			isa = XCConfigurationList;
			buildConfigurations = (
				FEFFE6F11B2661DF00D77948 /* Debug */,
				FEFFE6F21B2661DF00D77948 /* Release */,
			);
			defaultConfigurationIsVisible = 0;
			defaultConfigurationName = Release;
		};
/* End XCConfigurationList section */
	};
	rootObject = FEFFE6C61B2661DF00D77948 /* Project object */;
}
