// !$*UTF8*$!
{
	archiveVersion = 1;
	classes = {
	};
	objectVersion = 46;
	objects = {

/* Begin PBXBuildFile section */
		FE0C23DF1B38D54E00D3CD8E /* AppDelegate.swift in Sources */ = {isa = PBXBuildFile; fileRef = FE0C23DE1B38D54E00D3CD8E /* AppDelegate.swift */; };
		FE0C23E11B38D54E00D3CD8E /* ViewController.swift in Sources */ = {isa = PBXBuildFile; fileRef = FE0C23E01B38D54E00D3CD8E /* ViewController.swift */; };
		FE0C23E41B38D54E00D3CD8E /* Main.storyboard in Resources */ = {isa = PBXBuildFile; fileRef = FE0C23E21B38D54E00D3CD8E /* Main.storyboard */; };
		FE0C23E61B38D54E00D3CD8E /* Images.xcassets in Resources */ = {isa = PBXBuildFile; fileRef = FE0C23E51B38D54E00D3CD8E /* Images.xcassets */; };
		FE0C23E91B38D54E00D3CD8E /* LaunchScreen.xib in Resources */ = {isa = PBXBuildFile; fileRef = FE0C23E71B38D54E00D3CD8E /* LaunchScreen.xib */; };
		FE0C23F51B38D54E00D3CD8E /* Lesson6InClassProjectTests.swift in Sources */ = {isa = PBXBuildFile; fileRef = FE0C23F41B38D54E00D3CD8E /* Lesson6InClassProjectTests.swift */; };
		FE0C23FF1B38D57500D3CD8E /* logo.png in Resources */ = {isa = PBXBuildFile; fileRef = FE0C23FE1B38D57500D3CD8E /* logo.png */; };
		FE0C24031B38E85400D3CD8E /* ProfileViewController.swift in Sources */ = {isa = PBXBuildFile; fileRef = FE0C24021B38E85400D3CD8E /* ProfileViewController.swift */; };
/* End PBXBuildFile section */

/* Begin PBXContainerItemProxy section */
		FE0C23EF1B38D54E00D3CD8E /* PBXContainerItemProxy */ = {
			isa = PBXContainerItemProxy;
			containerPortal = FE0C23D11B38D54E00D3CD8E /* Project object */;
			proxyType = 1;
			remoteGlobalIDString = FE0C23D81B38D54E00D3CD8E;
			remoteInfo = Lesson6InClassProject;
		};
/* End PBXContainerItemProxy section */

/* Begin PBXFileReference section */
		FE0C23D91B38D54E00D3CD8E /* Lesson6InClassProject.app */ = {isa = PBXFileReference; explicitFileType = wrapper.application; includeInIndex = 0; path = Lesson6InClassProject.app; sourceTree = BUILT_PRODUCTS_DIR; };
		FE0C23DD1B38D54E00D3CD8E /* Info.plist */ = {isa = PBXFileReference; lastKnownFileType = text.plist.xml; path = Info.plist; sourceTree = "<group>"; };
		FE0C23DE1B38D54E00D3CD8E /* AppDelegate.swift */ = {isa = PBXFileReference; lastKnownFileType = sourcecode.swift; path = AppDelegate.swift; sourceTree = "<group>"; };
		FE0C23E01B38D54E00D3CD8E /* ViewController.swift */ = {isa = PBXFileReference; lastKnownFileType = sourcecode.swift; path = ViewController.swift; sourceTree = "<group>"; };
		FE0C23E31B38D54E00D3CD8E /* Base */ = {isa = PBXFileReference; lastKnownFileType = file.storyboard; name = Base; path = Base.lproj/Main.storyboard; sourceTree = "<group>"; };
		FE0C23E51B38D54E00D3CD8E /* Images.xcassets */ = {isa = PBXFileReference; lastKnownFileType = folder.assetcatalog; path = Images.xcassets; sourceTree = "<group>"; };
		FE0C23E81B38D54E00D3CD8E /* Base */ = {isa = PBXFileReference; lastKnownFileType = file.xib; name = Base; path = Base.lproj/LaunchScreen.xib; sourceTree = "<group>"; };
		FE0C23EE1B38D54E00D3CD8E /* Lesson6InClassProjectTests.xctest */ = {isa = PBXFileReference; explicitFileType = wrapper.cfbundle; includeInIndex = 0; path = Lesson6InClassProjectTests.xctest; sourceTree = BUILT_PRODUCTS_DIR; };
		FE0C23F31B38D54E00D3CD8E /* Info.plist */ = {isa = PBXFileReference; lastKnownFileType = text.plist.xml; path = Info.plist; sourceTree = "<group>"; };
		FE0C23F41B38D54E00D3CD8E /* Lesson6InClassProjectTests.swift */ = {isa = PBXFileReference; lastKnownFileType = sourcecode.swift; path = Lesson6InClassProjectTests.swift; sourceTree = "<group>"; };
		FE0C23FE1B38D57500D3CD8E /* logo.png */ = {isa = PBXFileReference; lastKnownFileType = image.png; name = logo.png; path = "../../In-Class/logo.png"; sourceTree = "<group>"; };
		FE0C24021B38E85400D3CD8E /* ProfileViewController.swift */ = {isa = PBXFileReference; fileEncoding = 4; lastKnownFileType = sourcecode.swift; path = ProfileViewController.swift; sourceTree = "<group>"; };
/* End PBXFileReference section */

/* Begin PBXFrameworksBuildPhase section */
		FE0C23D61B38D54E00D3CD8E /* Frameworks */ = {
			isa = PBXFrameworksBuildPhase;
			buildActionMask = 2147483647;
			files = (
			);
			runOnlyForDeploymentPostprocessing = 0;
		};
		FE0C23EB1B38D54E00D3CD8E /* Frameworks */ = {
			isa = PBXFrameworksBuildPhase;
			buildActionMask = 2147483647;
			files = (
			);
			runOnlyForDeploymentPostprocessing = 0;
		};
/* End PBXFrameworksBuildPhase section */

/* Begin PBXGroup section */
		FE0C23D01B38D54E00D3CD8E = {
			isa = PBXGroup;
			children = (
				FE0C23DB1B38D54E00D3CD8E /* Lesson6InClassProject */,
				FE0C23F11B38D54E00D3CD8E /* Lesson6InClassProjectTests */,
				FE0C23DA1B38D54E00D3CD8E /* Products */,
			);
			sourceTree = "<group>";
		};
		FE0C23DA1B38D54E00D3CD8E /* Products */ = {
			isa = PBXGroup;
			children = (
				FE0C23D91B38D54E00D3CD8E /* Lesson6InClassProject.app */,
				FE0C23EE1B38D54E00D3CD8E /* Lesson6InClassProjectTests.xctest */,
			);
			name = Products;
			sourceTree = "<group>";
		};
		FE0C23DB1B38D54E00D3CD8E /* Lesson6InClassProject */ = {
			isa = PBXGroup;
			children = (
				FE0C23DE1B38D54E00D3CD8E /* AppDelegate.swift */,
				FE0C23E01B38D54E00D3CD8E /* ViewController.swift */,
				FE0C23FE1B38D57500D3CD8E /* logo.png */,
				FE0C23E21B38D54E00D3CD8E /* Main.storyboard */,
				FE0C24021B38E85400D3CD8E /* ProfileViewController.swift */,
				FE0C23E51B38D54E00D3CD8E /* Images.xcassets */,
				FE0C23E71B38D54E00D3CD8E /* LaunchScreen.xib */,
				FE0C23DC1B38D54E00D3CD8E /* Supporting Files */,
			);
			path = Lesson6InClassProject;
			sourceTree = "<group>";
		};
		FE0C23DC1B38D54E00D3CD8E /* Supporting Files */ = {
			isa = PBXGroup;
			children = (
				FE0C23DD1B38D54E00D3CD8E /* Info.plist */,
			);
			name = "Supporting Files";
			sourceTree = "<group>";
		};
		FE0C23F11B38D54E00D3CD8E /* Lesson6InClassProjectTests */ = {
			isa = PBXGroup;
			children = (
				FE0C23F41B38D54E00D3CD8E /* Lesson6InClassProjectTests.swift */,
				FE0C23F21B38D54E00D3CD8E /* Supporting Files */,
			);
			path = Lesson6InClassProjectTests;
			sourceTree = "<group>";
		};
		FE0C23F21B38D54E00D3CD8E /* Supporting Files */ = {
			isa = PBXGroup;
			children = (
				FE0C23F31B38D54E00D3CD8E /* Info.plist */,
			);
			name = "Supporting Files";
			sourceTree = "<group>";
		};
/* End PBXGroup section */

/* Begin PBXNativeTarget section */
		FE0C23D81B38D54E00D3CD8E /* Lesson6InClassProject */ = {
			isa = PBXNativeTarget;
			buildConfigurationList = FE0C23F81B38D54E00D3CD8E /* Build configuration list for PBXNativeTarget "Lesson6InClassProject" */;
			buildPhases = (
				FE0C23D51B38D54E00D3CD8E /* Sources */,
				FE0C23D61B38D54E00D3CD8E /* Frameworks */,
				FE0C23D71B38D54E00D3CD8E /* Resources */,
			);
			buildRules = (
			);
			dependencies = (
			);
			name = Lesson6InClassProject;
			productName = Lesson6InClassProject;
			productReference = FE0C23D91B38D54E00D3CD8E /* Lesson6InClassProject.app */;
			productType = "com.apple.product-type.application";
		};
		FE0C23ED1B38D54E00D3CD8E /* Lesson6InClassProjectTests */ = {
			isa = PBXNativeTarget;
			buildConfigurationList = FE0C23FB1B38D54E00D3CD8E /* Build configuration list for PBXNativeTarget "Lesson6InClassProjectTests" */;
			buildPhases = (
				FE0C23EA1B38D54E00D3CD8E /* Sources */,
				FE0C23EB1B38D54E00D3CD8E /* Frameworks */,
				FE0C23EC1B38D54E00D3CD8E /* Resources */,
			);
			buildRules = (
			);
			dependencies = (
				FE0C23F01B38D54E00D3CD8E /* PBXTargetDependency */,
			);
			name = Lesson6InClassProjectTests;
			productName = Lesson6InClassProjectTests;
			productReference = FE0C23EE1B38D54E00D3CD8E /* Lesson6InClassProjectTests.xctest */;
			productType = "com.apple.product-type.bundle.unit-test";
		};
/* End PBXNativeTarget section */

/* Begin PBXProject section */
		FE0C23D11B38D54E00D3CD8E /* Project object */ = {
			isa = PBXProject;
			attributes = {
				LastUpgradeCheck = 0630;
				ORGANIZATIONNAME = "Luke Kanter";
				TargetAttributes = {
					FE0C23D81B38D54E00D3CD8E = {
						CreatedOnToolsVersion = 6.3.2;
					};
					FE0C23ED1B38D54E00D3CD8E = {
						CreatedOnToolsVersion = 6.3.2;
						TestTargetID = FE0C23D81B38D54E00D3CD8E;
					};
				};
			};
			buildConfigurationList = FE0C23D41B38D54E00D3CD8E /* Build configuration list for PBXProject "Lesson6InClassProject" */;
			compatibilityVersion = "Xcode 3.2";
			developmentRegion = English;
			hasScannedForEncodings = 0;
			knownRegions = (
				en,
				Base,
			);
			mainGroup = FE0C23D01B38D54E00D3CD8E;
			productRefGroup = FE0C23DA1B38D54E00D3CD8E /* Products */;
			projectDirPath = "";
			projectRoot = "";
			targets = (
				FE0C23D81B38D54E00D3CD8E /* Lesson6InClassProject */,
				FE0C23ED1B38D54E00D3CD8E /* Lesson6InClassProjectTests */,
			);
		};
/* End PBXProject section */

/* Begin PBXResourcesBuildPhase section */
		FE0C23D71B38D54E00D3CD8E /* Resources */ = {
			isa = PBXResourcesBuildPhase;
			buildActionMask = 2147483647;
			files = (
				FE0C23FF1B38D57500D3CD8E /* logo.png in Resources */,
				FE0C23E41B38D54E00D3CD8E /* Main.storyboard in Resources */,
				FE0C23E91B38D54E00D3CD8E /* LaunchScreen.xib in Resources */,
				FE0C23E61B38D54E00D3CD8E /* Images.xcassets in Resources */,
			);
			runOnlyForDeploymentPostprocessing = 0;
		};
		FE0C23EC1B38D54E00D3CD8E /* Resources */ = {
			isa = PBXResourcesBuildPhase;
			buildActionMask = 2147483647;
			files = (
			);
			runOnlyForDeploymentPostprocessing = 0;
		};
/* End PBXResourcesBuildPhase section */

/* Begin PBXSourcesBuildPhase section */
		FE0C23D51B38D54E00D3CD8E /* Sources */ = {
			isa = PBXSourcesBuildPhase;
			buildActionMask = 2147483647;
			files = (
				FE0C24031B38E85400D3CD8E /* ProfileViewController.swift in Sources */,
				FE0C23E11B38D54E00D3CD8E /* ViewController.swift in Sources */,
				FE0C23DF1B38D54E00D3CD8E /* AppDelegate.swift in Sources */,
			);
			runOnlyForDeploymentPostprocessing = 0;
		};
		FE0C23EA1B38D54E00D3CD8E /* Sources */ = {
			isa = PBXSourcesBuildPhase;
			buildActionMask = 2147483647;
			files = (
				FE0C23F51B38D54E00D3CD8E /* Lesson6InClassProjectTests.swift in Sources */,
			);
			runOnlyForDeploymentPostprocessing = 0;
		};
/* End PBXSourcesBuildPhase section */

/* Begin PBXTargetDependency section */
		FE0C23F01B38D54E00D3CD8E /* PBXTargetDependency */ = {
			isa = PBXTargetDependency;
			target = FE0C23D81B38D54E00D3CD8E /* Lesson6InClassProject */;
			targetProxy = FE0C23EF1B38D54E00D3CD8E /* PBXContainerItemProxy */;
		};
/* End PBXTargetDependency section */

/* Begin PBXVariantGroup section */
		FE0C23E21B38D54E00D3CD8E /* Main.storyboard */ = {
			isa = PBXVariantGroup;
			children = (
				FE0C23E31B38D54E00D3CD8E /* Base */,
			);
			name = Main.storyboard;
			sourceTree = "<group>";
		};
		FE0C23E71B38D54E00D3CD8E /* LaunchScreen.xib */ = {
			isa = PBXVariantGroup;
			children = (
				FE0C23E81B38D54E00D3CD8E /* Base */,
			);
			name = LaunchScreen.xib;
			sourceTree = "<group>";
		};
/* End PBXVariantGroup section */

/* Begin XCBuildConfiguration section */
		FE0C23F61B38D54E00D3CD8E /* Debug */ = {
			isa = XCBuildConfiguration;
			buildSettings = {
				ALWAYS_SEARCH_USER_PATHS = NO;
				CLANG_CXX_LANGUAGE_STANDARD = "gnu++0x";
				CLANG_CXX_LIBRARY = "libc++";
				CLANG_ENABLE_MODULES = YES;
				CLANG_ENABLE_OBJC_ARC = YES;
				CLANG_WARN_BOOL_CONVERSION = YES;
				CLANG_WARN_CONSTANT_CONVERSION = YES;
				CLANG_WARN_DIRECT_OBJC_ISA_USAGE = YES_ERROR;
				CLANG_WARN_EMPTY_BODY = YES;
				CLANG_WARN_ENUM_CONVERSION = YES;
				CLANG_WARN_INT_CONVERSION = YES;
				CLANG_WARN_OBJC_ROOT_CLASS = YES_ERROR;
				CLANG_WARN_UNREACHABLE_CODE = YES;
				CLANG_WARN__DUPLICATE_METHOD_MATCH = YES;
				"CODE_SIGN_IDENTITY[sdk=iphoneos*]" = "iPhone Developer";
				COPY_PHASE_STRIP = NO;
				DEBUG_INFORMATION_FORMAT = "dwarf-with-dsym";
				ENABLE_STRICT_OBJC_MSGSEND = YES;
				GCC_C_LANGUAGE_STANDARD = gnu99;
				GCC_DYNAMIC_NO_PIC = NO;
				GCC_NO_COMMON_BLOCKS = YES;
				GCC_OPTIMIZATION_LEVEL = 0;
				GCC_PREPROCESSOR_DEFINITIONS = (
					"DEBUG=1",
					"$(inherited)",
				);
				GCC_SYMBOLS_PRIVATE_EXTERN = NO;
				GCC_WARN_64_TO_32_BIT_CONVERSION = YES;
				GCC_WARN_ABOUT_RETURN_TYPE = YES_ERROR;
				GCC_WARN_UNDECLARED_SELECTOR = YES;
				GCC_WARN_UNINITIALIZED_AUTOS = YES_AGGRESSIVE;
				GCC_WARN_UNUSED_FUNCTION = YES;
				GCC_WARN_UNUSED_VARIABLE = YES;
				IPHONEOS_DEPLOYMENT_TARGET = 8.3;
				MTL_ENABLE_DEBUG_INFO = YES;
				ONLY_ACTIVE_ARCH = YES;
				SDKROOT = iphoneos;
				SWIFT_OPTIMIZATION_LEVEL = "-Onone";
			};
			name = Debug;
		};
		FE0C23F71B38D54E00D3CD8E /* Release */ = {
			isa = XCBuildConfiguration;
			buildSettings = {
				ALWAYS_SEARCH_USER_PATHS = NO;
				CLANG_CXX_LANGUAGE_STANDARD = "gnu++0x";
				CLANG_CXX_LIBRARY = "libc++";
				CLANG_ENABLE_MODULES = YES;
				CLANG_ENABLE_OBJC_ARC = YES;
				CLANG_WARN_BOOL_CONVERSION = YES;
				CLANG_WARN_CONSTANT_CONVERSION = YES;
				CLANG_WARN_DIRECT_OBJC_ISA_USAGE = YES_ERROR;
				CLANG_WARN_EMPTY_BODY = YES;
				CLANG_WARN_ENUM_CONVERSION = YES;
				CLANG_WARN_INT_CONVERSION = YES;
				CLANG_WARN_OBJC_ROOT_CLASS = YES_ERROR;
				CLANG_WARN_UNREACHABLE_CODE = YES;
				CLANG_WARN__DUPLICATE_METHOD_MATCH = YES;
				"CODE_SIGN_IDENTITY[sdk=iphoneos*]" = "iPhone Developer";
				COPY_PHASE_STRIP = NO;
				DEBUG_INFORMATION_FORMAT = "dwarf-with-dsym";
				ENABLE_NS_ASSERTIONS = NO;
				ENABLE_STRICT_OBJC_MSGSEND = YES;
				GCC_C_LANGUAGE_STANDARD = gnu99;
				GCC_NO_COMMON_BLOCKS = YES;
				GCC_WARN_64_TO_32_BIT_CONVERSION = YES;
				GCC_WARN_ABOUT_RETURN_TYPE = YES_ERROR;
				GCC_WARN_UNDECLARED_SELECTOR = YES;
				GCC_WARN_UNINITIALIZED_AUTOS = YES_AGGRESSIVE;
				GCC_WARN_UNUSED_FUNCTION = YES;
				GCC_WARN_UNUSED_VARIABLE = YES;
				IPHONEOS_DEPLOYMENT_TARGET = 8.3;
				MTL_ENABLE_DEBUG_INFO = NO;
				SDKROOT = iphoneos;
				VALIDATE_PRODUCT = YES;
			};
			name = Release;
		};
		FE0C23F91B38D54E00D3CD8E /* Debug */ = {
			isa = XCBuildConfiguration;
			buildSettings = {
				ASSETCATALOG_COMPILER_APPICON_NAME = AppIcon;
				INFOPLIST_FILE = Lesson6InClassProject/Info.plist;
				LD_RUNPATH_SEARCH_PATHS = "$(inherited) @executable_path/Frameworks";
				PRODUCT_NAME = "$(TARGET_NAME)";
			};
			name = Debug;
		};
		FE0C23FA1B38D54E00D3CD8E /* Release */ = {
			isa = XCBuildConfiguration;
			buildSettings = {
				ASSETCATALOG_COMPILER_APPICON_NAME = AppIcon;
				INFOPLIST_FILE = Lesson6InClassProject/Info.plist;
				LD_RUNPATH_SEARCH_PATHS = "$(inherited) @executable_path/Frameworks";
				PRODUCT_NAME = "$(TARGET_NAME)";
			};
			name = Release;
		};
		FE0C23FC1B38D54E00D3CD8E /* Debug */ = {
			isa = XCBuildConfiguration;
			buildSettings = {
				BUNDLE_LOADER = "$(TEST_HOST)";
				FRAMEWORK_SEARCH_PATHS = (
					"$(SDKROOT)/Developer/Library/Frameworks",
					"$(inherited)",
				);
				GCC_PREPROCESSOR_DEFINITIONS = (
					"DEBUG=1",
					"$(inherited)",
				);
				INFOPLIST_FILE = Lesson6InClassProjectTests/Info.plist;
				LD_RUNPATH_SEARCH_PATHS = "$(inherited) @executable_path/Frameworks @loader_path/Frameworks";
				PRODUCT_NAME = "$(TARGET_NAME)";
				TEST_HOST = "$(BUILT_PRODUCTS_DIR)/Lesson6InClassProject.app/Lesson6InClassProject";
			};
			name = Debug;
		};
		FE0C23FD1B38D54E00D3CD8E /* Release */ = {
			isa = XCBuildConfiguration;
			buildSettings = {
				BUNDLE_LOADER = "$(TEST_HOST)";
				FRAMEWORK_SEARCH_PATHS = (
					"$(SDKROOT)/Developer/Library/Frameworks",
					"$(inherited)",
				);
				INFOPLIST_FILE = Lesson6InClassProjectTests/Info.plist;
				LD_RUNPATH_SEARCH_PATHS = "$(inherited) @executable_path/Frameworks @loader_path/Frameworks";
				PRODUCT_NAME = "$(TARGET_NAME)";
				TEST_HOST = "$(BUILT_PRODUCTS_DIR)/Lesson6InClassProject.app/Lesson6InClassProject";
			};
			name = Release;
		};
/* End XCBuildConfiguration section */

/* Begin XCConfigurationList section */
		FE0C23D41B38D54E00D3CD8E /* Build configuration list for PBXProject "Lesson6InClassProject" */ = {
			isa = XCConfigurationList;
			buildConfigurations = (
				FE0C23F61B38D54E00D3CD8E /* Debug */,
				FE0C23F71B38D54E00D3CD8E /* Release */,
			);
			defaultConfigurationIsVisible = 0;
			defaultConfigurationName = Release;
		};
		FE0C23F81B38D54E00D3CD8E /* Build configuration list for PBXNativeTarget "Lesson6InClassProject" */ = {
			isa = XCConfigurationList;
			buildConfigurations = (
				FE0C23F91B38D54E00D3CD8E /* Debug */,
				FE0C23FA1B38D54E00D3CD8E /* Release */,
			);
			defaultConfigurationIsVisible = 0;
			defaultConfigurationName = Release;
		};
		FE0C23FB1B38D54E00D3CD8E /* Build configuration list for PBXNativeTarget "Lesson6InClassProjectTests" */ = {
			isa = XCConfigurationList;
			buildConfigurations = (
				FE0C23FC1B38D54E00D3CD8E /* Debug */,
				FE0C23FD1B38D54E00D3CD8E /* Release */,
			);
			defaultConfigurationIsVisible = 0;
			defaultConfigurationName = Release;
		};
/* End XCConfigurationList section */
	};
	rootObject = FE0C23D11B38D54E00D3CD8E /* Project object */;
}
