// !$*UTF8*$!
{
	archiveVersion = 1;
	classes = {
	};
	objectVersion = 46;
	objects = {

/* Begin PBXBuildFile section */
		FEFFE7041B266CDA00D77948 /* AppDelegate.swift in Sources */ = {isa = PBXBuildFile; fileRef = FEFFE7031B266CDA00D77948 /* AppDelegate.swift */; };
		FEFFE7061B266CDA00D77948 /* ViewController.swift in Sources */ = {isa = PBXBuildFile; fileRef = FEFFE7051B266CDA00D77948 /* ViewController.swift */; };
		FEFFE7091B266CDA00D77948 /* Main.storyboard in Resources */ = {isa = PBXBuildFile; fileRef = FEFFE7071B266CDA00D77948 /* Main.storyboard */; };
		FEFFE70B1B266CDA00D77948 /* Images.xcassets in Resources */ = {isa = PBXBuildFile; fileRef = FEFFE70A1B266CDA00D77948 /* Images.xcassets */; };
		FEFFE70E1B266CDA00D77948 /* LaunchScreen.xib in Resources */ = {isa = PBXBuildFile; fileRef = FEFFE70C1B266CDA00D77948 /* LaunchScreen.xib */; };
		FEFFE71A1B266CDA00D77948 /* Lesson2bioappTests.swift in Sources */ = {isa = PBXBuildFile; fileRef = FEFFE7191B266CDA00D77948 /* Lesson2bioappTests.swift */; };
		FEFFE7241B266F4A00D77948 /* DPN original photo.JPG in Resources */ = {isa = PBXBuildFile; fileRef = FEFFE7231B266F4A00D77948 /* DPN original photo.JPG */; };
/* End PBXBuildFile section */

/* Begin PBXContainerItemProxy section */
		FEFFE7141B266CDA00D77948 /* PBXContainerItemProxy */ = {
			isa = PBXContainerItemProxy;
			containerPortal = FEFFE6F61B266CDA00D77948 /* Project object */;
			proxyType = 1;
			remoteGlobalIDString = FEFFE6FD1B266CDA00D77948;
			remoteInfo = Lesson2bioapp;
		};
/* End PBXContainerItemProxy section */

/* Begin PBXFileReference section */
		FEFFE6FE1B266CDA00D77948 /* Lesson2bioapp.app */ = {isa = PBXFileReference; explicitFileType = wrapper.application; includeInIndex = 0; path = Lesson2bioapp.app; sourceTree = BUILT_PRODUCTS_DIR; };
		FEFFE7021B266CDA00D77948 /* Info.plist */ = {isa = PBXFileReference; lastKnownFileType = text.plist.xml; path = Info.plist; sourceTree = "<group>"; };
		FEFFE7031B266CDA00D77948 /* AppDelegate.swift */ = {isa = PBXFileReference; lastKnownFileType = sourcecode.swift; path = AppDelegate.swift; sourceTree = "<group>"; };
		FEFFE7051B266CDA00D77948 /* ViewController.swift */ = {isa = PBXFileReference; lastKnownFileType = sourcecode.swift; path = ViewController.swift; sourceTree = "<group>"; };
		FEFFE7081B266CDA00D77948 /* Base */ = {isa = PBXFileReference; lastKnownFileType = file.storyboard; name = Base; path = Base.lproj/Main.storyboard; sourceTree = "<group>"; };
		FEFFE70A1B266CDA00D77948 /* Images.xcassets */ = {isa = PBXFileReference; lastKnownFileType = folder.assetcatalog; path = Images.xcassets; sourceTree = "<group>"; };
		FEFFE70D1B266CDA00D77948 /* Base */ = {isa = PBXFileReference; lastKnownFileType = file.xib; name = Base; path = Base.lproj/LaunchScreen.xib; sourceTree = "<group>"; };
		FEFFE7131B266CDA00D77948 /* Lesson2bioappTests.xctest */ = {isa = PBXFileReference; explicitFileType = wrapper.cfbundle; includeInIndex = 0; path = Lesson2bioappTests.xctest; sourceTree = BUILT_PRODUCTS_DIR; };
		FEFFE7181B266CDA00D77948 /* Info.plist */ = {isa = PBXFileReference; lastKnownFileType = text.plist.xml; path = Info.plist; sourceTree = "<group>"; };
		FEFFE7191B266CDA00D77948 /* Lesson2bioappTests.swift */ = {isa = PBXFileReference; lastKnownFileType = sourcecode.swift; path = Lesson2bioappTests.swift; sourceTree = "<group>"; };
		FEFFE7231B266F4A00D77948 /* DPN original photo.JPG */ = {isa = PBXFileReference; lastKnownFileType = image.jpeg; name = "DPN original photo.JPG"; path = "../../../../../../Downloads/DPN original photo.JPG"; sourceTree = "<group>"; };
/* End PBXFileReference section */

/* Begin PBXFrameworksBuildPhase section */
		FEFFE6FB1B266CDA00D77948 /* Frameworks */ = {
			isa = PBXFrameworksBuildPhase;
			buildActionMask = 2147483647;
			files = (
			);
			runOnlyForDeploymentPostprocessing = 0;
		};
		FEFFE7101B266CDA00D77948 /* Frameworks */ = {
			isa = PBXFrameworksBuildPhase;
			buildActionMask = 2147483647;
			files = (
			);
			runOnlyForDeploymentPostprocessing = 0;
		};
/* End PBXFrameworksBuildPhase section */

/* Begin PBXGroup section */
		FEFFE6F51B266CDA00D77948 = {
			isa = PBXGroup;
			children = (
				FEFFE7001B266CDA00D77948 /* Lesson2bioapp */,
				FEFFE7161B266CDA00D77948 /* Lesson2bioappTests */,
				FEFFE6FF1B266CDA00D77948 /* Products */,
			);
			sourceTree = "<group>";
		};
		FEFFE6FF1B266CDA00D77948 /* Products */ = {
			isa = PBXGroup;
			children = (
				FEFFE6FE1B266CDA00D77948 /* Lesson2bioapp.app */,
				FEFFE7131B266CDA00D77948 /* Lesson2bioappTests.xctest */,
			);
			name = Products;
			sourceTree = "<group>";
		};
		FEFFE7001B266CDA00D77948 /* Lesson2bioapp */ = {
			isa = PBXGroup;
			children = (
				FEFFE7031B266CDA00D77948 /* AppDelegate.swift */,
				FEFFE7051B266CDA00D77948 /* ViewController.swift */,
				FEFFE7071B266CDA00D77948 /* Main.storyboard */,
				FEFFE7231B266F4A00D77948 /* DPN original photo.JPG */,
				FEFFE70A1B266CDA00D77948 /* Images.xcassets */,
				FEFFE70C1B266CDA00D77948 /* LaunchScreen.xib */,
				FEFFE7011B266CDA00D77948 /* Supporting Files */,
			);
			path = Lesson2bioapp;
			sourceTree = "<group>";
		};
		FEFFE7011B266CDA00D77948 /* Supporting Files */ = {
			isa = PBXGroup;
			children = (
				FEFFE7021B266CDA00D77948 /* Info.plist */,
			);
			name = "Supporting Files";
			sourceTree = "<group>";
		};
		FEFFE7161B266CDA00D77948 /* Lesson2bioappTests */ = {
			isa = PBXGroup;
			children = (
				FEFFE7191B266CDA00D77948 /* Lesson2bioappTests.swift */,
				FEFFE7171B266CDA00D77948 /* Supporting Files */,
			);
			path = Lesson2bioappTests;
			sourceTree = "<group>";
		};
		FEFFE7171B266CDA00D77948 /* Supporting Files */ = {
			isa = PBXGroup;
			children = (
				FEFFE7181B266CDA00D77948 /* Info.plist */,
			);
			name = "Supporting Files";
			sourceTree = "<group>";
		};
/* End PBXGroup section */

/* Begin PBXNativeTarget section */
		FEFFE6FD1B266CDA00D77948 /* Lesson2bioapp */ = {
			isa = PBXNativeTarget;
			buildConfigurationList = FEFFE71D1B266CDA00D77948 /* Build configuration list for PBXNativeTarget "Lesson2bioapp" */;
			buildPhases = (
				FEFFE6FA1B266CDA00D77948 /* Sources */,
				FEFFE6FB1B266CDA00D77948 /* Frameworks */,
				FEFFE6FC1B266CDA00D77948 /* Resources */,
			);
			buildRules = (
			);
			dependencies = (
			);
			name = Lesson2bioapp;
			productName = Lesson2bioapp;
			productReference = FEFFE6FE1B266CDA00D77948 /* Lesson2bioapp.app */;
			productType = "com.apple.product-type.application";
		};
		FEFFE7121B266CDA00D77948 /* Lesson2bioappTests */ = {
			isa = PBXNativeTarget;
			buildConfigurationList = FEFFE7201B266CDA00D77948 /* Build configuration list for PBXNativeTarget "Lesson2bioappTests" */;
			buildPhases = (
				FEFFE70F1B266CDA00D77948 /* Sources */,
				FEFFE7101B266CDA00D77948 /* Frameworks */,
				FEFFE7111B266CDA00D77948 /* Resources */,
			);
			buildRules = (
			);
			dependencies = (
				FEFFE7151B266CDA00D77948 /* PBXTargetDependency */,
			);
			name = Lesson2bioappTests;
			productName = Lesson2bioappTests;
			productReference = FEFFE7131B266CDA00D77948 /* Lesson2bioappTests.xctest */;
			productType = "com.apple.product-type.bundle.unit-test";
		};
/* End PBXNativeTarget section */

/* Begin PBXProject section */
		FEFFE6F61B266CDA00D77948 /* Project object */ = {
			isa = PBXProject;
			attributes = {
				LastUpgradeCheck = 0630;
				ORGANIZATIONNAME = "Luke Kanter";
				TargetAttributes = {
					FEFFE6FD1B266CDA00D77948 = {
						CreatedOnToolsVersion = 6.3.2;
					};
					FEFFE7121B266CDA00D77948 = {
						CreatedOnToolsVersion = 6.3.2;
						TestTargetID = FEFFE6FD1B266CDA00D77948;
					};
				};
			};
			buildConfigurationList = FEFFE6F91B266CDA00D77948 /* Build configuration list for PBXProject "Lesson2bioapp" */;
			compatibilityVersion = "Xcode 3.2";
			developmentRegion = English;
			hasScannedForEncodings = 0;
			knownRegions = (
				en,
				Base,
			);
			mainGroup = FEFFE6F51B266CDA00D77948;
			productRefGroup = FEFFE6FF1B266CDA00D77948 /* Products */;
			projectDirPath = "";
			projectRoot = "";
			targets = (
				FEFFE6FD1B266CDA00D77948 /* Lesson2bioapp */,
				FEFFE7121B266CDA00D77948 /* Lesson2bioappTests */,
			);
		};
/* End PBXProject section */

/* Begin PBXResourcesBuildPhase section */
		FEFFE6FC1B266CDA00D77948 /* Resources */ = {
			isa = PBXResourcesBuildPhase;
			buildActionMask = 2147483647;
			files = (
				FEFFE7091B266CDA00D77948 /* Main.storyboard in Resources */,
				FEFFE70E1B266CDA00D77948 /* LaunchScreen.xib in Resources */,
				FEFFE7241B266F4A00D77948 /* DPN original photo.JPG in Resources */,
				FEFFE70B1B266CDA00D77948 /* Images.xcassets in Resources */,
			);
			runOnlyForDeploymentPostprocessing = 0;
		};
		FEFFE7111B266CDA00D77948 /* Resources */ = {
			isa = PBXResourcesBuildPhase;
			buildActionMask = 2147483647;
			files = (
			);
			runOnlyForDeploymentPostprocessing = 0;
		};
/* End PBXResourcesBuildPhase section */

/* Begin PBXSourcesBuildPhase section */
		FEFFE6FA1B266CDA00D77948 /* Sources */ = {
			isa = PBXSourcesBuildPhase;
			buildActionMask = 2147483647;
			files = (
				FEFFE7061B266CDA00D77948 /* ViewController.swift in Sources */,
				FEFFE7041B266CDA00D77948 /* AppDelegate.swift in Sources */,
			);
			runOnlyForDeploymentPostprocessing = 0;
		};
		FEFFE70F1B266CDA00D77948 /* Sources */ = {
			isa = PBXSourcesBuildPhase;
			buildActionMask = 2147483647;
			files = (
				FEFFE71A1B266CDA00D77948 /* Lesson2bioappTests.swift in Sources */,
			);
			runOnlyForDeploymentPostprocessing = 0;
		};
/* End PBXSourcesBuildPhase section */

/* Begin PBXTargetDependency section */
		FEFFE7151B266CDA00D77948 /* PBXTargetDependency */ = {
			isa = PBXTargetDependency;
			target = FEFFE6FD1B266CDA00D77948 /* Lesson2bioapp */;
			targetProxy = FEFFE7141B266CDA00D77948 /* PBXContainerItemProxy */;
		};
/* End PBXTargetDependency section */

/* Begin PBXVariantGroup section */
		FEFFE7071B266CDA00D77948 /* Main.storyboard */ = {
			isa = PBXVariantGroup;
			children = (
				FEFFE7081B266CDA00D77948 /* Base */,
			);
			name = Main.storyboard;
			sourceTree = "<group>";
		};
		FEFFE70C1B266CDA00D77948 /* LaunchScreen.xib */ = {
			isa = PBXVariantGroup;
			children = (
				FEFFE70D1B266CDA00D77948 /* Base */,
			);
			name = LaunchScreen.xib;
			sourceTree = "<group>";
		};
/* End PBXVariantGroup section */

/* Begin XCBuildConfiguration section */
		FEFFE71B1B266CDA00D77948 /* Debug */ = {
			isa = XCBuildConfiguration;
			buildSettings = {
				ALWAYS_SEARCH_USER_PATHS = NO;
				CLANG_CXX_LANGUAGE_STANDARD = "gnu++0x";
				CLANG_CXX_LIBRARY = "libc++";
				CLANG_ENABLE_MODULES = YES;
				CLANG_ENABLE_OBJC_ARC = YES;
				CLANG_WARN_BOOL_CONVERSION = YES;
				CLANG_WARN_CONSTANT_CONVERSION = YES;
				CLANG_WARN_DIRECT_OBJC_ISA_USAGE = YES_ERROR;
				CLANG_WARN_EMPTY_BODY = YES;
				CLANG_WARN_ENUM_CONVERSION = YES;
				CLANG_WARN_INT_CONVERSION = YES;
				CLANG_WARN_OBJC_ROOT_CLASS = YES_ERROR;
				CLANG_WARN_UNREACHABLE_CODE = YES;
				CLANG_WARN__DUPLICATE_METHOD_MATCH = YES;
				"CODE_SIGN_IDENTITY[sdk=iphoneos*]" = "iPhone Developer";
				COPY_PHASE_STRIP = NO;
				DEBUG_INFORMATION_FORMAT = "dwarf-with-dsym";
				ENABLE_STRICT_OBJC_MSGSEND = YES;
				GCC_C_LANGUAGE_STANDARD = gnu99;
				GCC_DYNAMIC_NO_PIC = NO;
				GCC_NO_COMMON_BLOCKS = YES;
				GCC_OPTIMIZATION_LEVEL = 0;
				GCC_PREPROCESSOR_DEFINITIONS = (
					"DEBUG=1",
					"$(inherited)",
				);
				GCC_SYMBOLS_PRIVATE_EXTERN = NO;
				GCC_WARN_64_TO_32_BIT_CONVERSION = YES;
				GCC_WARN_ABOUT_RETURN_TYPE = YES_ERROR;
				GCC_WARN_UNDECLARED_SELECTOR = YES;
				GCC_WARN_UNINITIALIZED_AUTOS = YES_AGGRESSIVE;
				GCC_WARN_UNUSED_FUNCTION = YES;
				GCC_WARN_UNUSED_VARIABLE = YES;
				IPHONEOS_DEPLOYMENT_TARGET = 8.3;
				MTL_ENABLE_DEBUG_INFO = YES;
				ONLY_ACTIVE_ARCH = YES;
				SDKROOT = iphoneos;
				SWIFT_OPTIMIZATION_LEVEL = "-Onone";
			};
			name = Debug;
		};
		FEFFE71C1B266CDA00D77948 /* Release */ = {
			isa = XCBuildConfiguration;
			buildSettings = {
				ALWAYS_SEARCH_USER_PATHS = NO;
				CLANG_CXX_LANGUAGE_STANDARD = "gnu++0x";
				CLANG_CXX_LIBRARY = "libc++";
				CLANG_ENABLE_MODULES = YES;
				CLANG_ENABLE_OBJC_ARC = YES;
				CLANG_WARN_BOOL_CONVERSION = YES;
				CLANG_WARN_CONSTANT_CONVERSION = YES;
				CLANG_WARN_DIRECT_OBJC_ISA_USAGE = YES_ERROR;
				CLANG_WARN_EMPTY_BODY = YES;
				CLANG_WARN_ENUM_CONVERSION = YES;
				CLANG_WARN_INT_CONVERSION = YES;
				CLANG_WARN_OBJC_ROOT_CLASS = YES_ERROR;
				CLANG_WARN_UNREACHABLE_CODE = YES;
				CLANG_WARN__DUPLICATE_METHOD_MATCH = YES;
				"CODE_SIGN_IDENTITY[sdk=iphoneos*]" = "iPhone Developer";
				COPY_PHASE_STRIP = NO;
				DEBUG_INFORMATION_FORMAT = "dwarf-with-dsym";
				ENABLE_NS_ASSERTIONS = NO;
				ENABLE_STRICT_OBJC_MSGSEND = YES;
				GCC_C_LANGUAGE_STANDARD = gnu99;
				GCC_NO_COMMON_BLOCKS = YES;
				GCC_WARN_64_TO_32_BIT_CONVERSION = YES;
				GCC_WARN_ABOUT_RETURN_TYPE = YES_ERROR;
				GCC_WARN_UNDECLARED_SELECTOR = YES;
				GCC_WARN_UNINITIALIZED_AUTOS = YES_AGGRESSIVE;
				GCC_WARN_UNUSED_FUNCTION = YES;
				GCC_WARN_UNUSED_VARIABLE = YES;
				IPHONEOS_DEPLOYMENT_TARGET = 8.3;
				MTL_ENABLE_DEBUG_INFO = NO;
				SDKROOT = iphoneos;
				VALIDATE_PRODUCT = YES;
			};
			name = Release;
		};
		FEFFE71E1B266CDA00D77948 /* Debug */ = {
			isa = XCBuildConfiguration;
			buildSettings = {
				ASSETCATALOG_COMPILER_APPICON_NAME = AppIcon;
				INFOPLIST_FILE = Lesson2bioapp/Info.plist;
				LD_RUNPATH_SEARCH_PATHS = "$(inherited) @executable_path/Frameworks";
				PRODUCT_NAME = "$(TARGET_NAME)";
			};
			name = Debug;
		};
		FEFFE71F1B266CDA00D77948 /* Release */ = {
			isa = XCBuildConfiguration;
			buildSettings = {
				ASSETCATALOG_COMPILER_APPICON_NAME = AppIcon;
				INFOPLIST_FILE = Lesson2bioapp/Info.plist;
				LD_RUNPATH_SEARCH_PATHS = "$(inherited) @executable_path/Frameworks";
				PRODUCT_NAME = "$(TARGET_NAME)";
			};
			name = Release;
		};
		FEFFE7211B266CDA00D77948 /* Debug */ = {
			isa = XCBuildConfiguration;
			buildSettings = {
				BUNDLE_LOADER = "$(TEST_HOST)";
				FRAMEWORK_SEARCH_PATHS = (
					"$(SDKROOT)/Developer/Library/Frameworks",
					"$(inherited)",
				);
				GCC_PREPROCESSOR_DEFINITIONS = (
					"DEBUG=1",
					"$(inherited)",
				);
				INFOPLIST_FILE = Lesson2bioappTests/Info.plist;
				LD_RUNPATH_SEARCH_PATHS = "$(inherited) @executable_path/Frameworks @loader_path/Frameworks";
				PRODUCT_NAME = "$(TARGET_NAME)";
				TEST_HOST = "$(BUILT_PRODUCTS_DIR)/Lesson2bioapp.app/Lesson2bioapp";
			};
			name = Debug;
		};
		FEFFE7221B266CDA00D77948 /* Release */ = {
			isa = XCBuildConfiguration;
			buildSettings = {
				BUNDLE_LOADER = "$(TEST_HOST)";
				FRAMEWORK_SEARCH_PATHS = (
					"$(SDKROOT)/Developer/Library/Frameworks",
					"$(inherited)",
				);
				INFOPLIST_FILE = Lesson2bioappTests/Info.plist;
				LD_RUNPATH_SEARCH_PATHS = "$(inherited) @executable_path/Frameworks @loader_path/Frameworks";
				PRODUCT_NAME = "$(TARGET_NAME)";
				TEST_HOST = "$(BUILT_PRODUCTS_DIR)/Lesson2bioapp.app/Lesson2bioapp";
			};
			name = Release;
		};
/* End XCBuildConfiguration section */

/* Begin XCConfigurationList section */
		FEFFE6F91B266CDA00D77948 /* Build configuration list for PBXProject "Lesson2bioapp" */ = {
			isa = XCConfigurationList;
			buildConfigurations = (
				FEFFE71B1B266CDA00D77948 /* Debug */,
				FEFFE71C1B266CDA00D77948 /* Release */,
			);
			defaultConfigurationIsVisible = 0;
			defaultConfigurationName = Release;
		};
		FEFFE71D1B266CDA00D77948 /* Build configuration list for PBXNativeTarget "Lesson2bioapp" */ = {
			isa = XCConfigurationList;
			buildConfigurations = (
				FEFFE71E1B266CDA00D77948 /* Debug */,
				FEFFE71F1B266CDA00D77948 /* Release */,
			);
			defaultConfigurationIsVisible = 0;
		};
		FEFFE7201B266CDA00D77948 /* Build configuration list for PBXNativeTarget "Lesson2bioappTests" */ = {
			isa = XCConfigurationList;
			buildConfigurations = (
				FEFFE7211B266CDA00D77948 /* Debug */,
				FEFFE7221B266CDA00D77948 /* Release */,
			);
			defaultConfigurationIsVisible = 0;
		};
/* End XCConfigurationList section */
	};
	rootObject = FEFFE6F61B266CDA00D77948 /* Project object */;
}
