// !$*UTF8*$!
{
	archiveVersion = 1;
	classes = {
	};
	objectVersion = 46;
	objects = {

/* Begin PBXBuildFile section */
		FEF3723D1B606D95009E0C82 /* AppDelegate.swift in Sources */ = {isa = PBXBuildFile; fileRef = FEF3723C1B606D95009E0C82 /* AppDelegate.swift */; };
		FEF3723F1B606D95009E0C82 /* ViewController.swift in Sources */ = {isa = PBXBuildFile; fileRef = FEF3723E1B606D95009E0C82 /* ViewController.swift */; };
		FEF372421B606D95009E0C82 /* Main.storyboard in Resources */ = {isa = PBXBuildFile; fileRef = FEF372401B606D95009E0C82 /* Main.storyboard */; };
		FEF372441B606D95009E0C82 /* Images.xcassets in Resources */ = {isa = PBXBuildFile; fileRef = FEF372431B606D95009E0C82 /* Images.xcassets */; };
		FEF372471B606D95009E0C82 /* LaunchScreen.xib in Resources */ = {isa = PBXBuildFile; fileRef = FEF372451B606D95009E0C82 /* LaunchScreen.xib */; };
		FEF372531B606D95009E0C82 /* UserDefaultsAndPropertyListInClassTests.swift in Sources */ = {isa = PBXBuildFile; fileRef = FEF372521B606D95009E0C82 /* UserDefaultsAndPropertyListInClassTests.swift */; };
		FEF3725D1B606F76009E0C82 /* SongsPList.plist in Resources */ = {isa = PBXBuildFile; fileRef = FEF3725C1B606F76009E0C82 /* SongsPList.plist */; };
		FEF3725F1B60705D009E0C82 /* MediaTableViewController.swift in Sources */ = {isa = PBXBuildFile; fileRef = FEF3725E1B60705D009E0C82 /* MediaTableViewController.swift */; };
/* End PBXBuildFile section */

/* Begin PBXContainerItemProxy section */
		FEF3724D1B606D95009E0C82 /* PBXContainerItemProxy */ = {
			isa = PBXContainerItemProxy;
			containerPortal = FEF3722F1B606D94009E0C82 /* Project object */;
			proxyType = 1;
			remoteGlobalIDString = FEF372361B606D94009E0C82;
			remoteInfo = UserDefaultsAndPropertyListInClass;
		};
/* End PBXContainerItemProxy section */

/* Begin PBXFileReference section */
		FEF372371B606D94009E0C82 /* UserDefaultsAndPropertyListInClass.app */ = {isa = PBXFileReference; explicitFileType = wrapper.application; includeInIndex = 0; path = UserDefaultsAndPropertyListInClass.app; sourceTree = BUILT_PRODUCTS_DIR; };
		FEF3723B1B606D95009E0C82 /* Info.plist */ = {isa = PBXFileReference; lastKnownFileType = text.plist.xml; path = Info.plist; sourceTree = "<group>"; };
		FEF3723C1B606D95009E0C82 /* AppDelegate.swift */ = {isa = PBXFileReference; lastKnownFileType = sourcecode.swift; path = AppDelegate.swift; sourceTree = "<group>"; };
		FEF3723E1B606D95009E0C82 /* ViewController.swift */ = {isa = PBXFileReference; lastKnownFileType = sourcecode.swift; path = ViewController.swift; sourceTree = "<group>"; };
		FEF372411B606D95009E0C82 /* Base */ = {isa = PBXFileReference; lastKnownFileType = file.storyboard; name = Base; path = Base.lproj/Main.storyboard; sourceTree = "<group>"; };
		FEF372431B606D95009E0C82 /* Images.xcassets */ = {isa = PBXFileReference; lastKnownFileType = folder.assetcatalog; path = Images.xcassets; sourceTree = "<group>"; };
		FEF372461B606D95009E0C82 /* Base */ = {isa = PBXFileReference; lastKnownFileType = file.xib; name = Base; path = Base.lproj/LaunchScreen.xib; sourceTree = "<group>"; };
		FEF3724C1B606D95009E0C82 /* UserDefaultsAndPropertyListInClassTests.xctest */ = {isa = PBXFileReference; explicitFileType = wrapper.cfbundle; includeInIndex = 0; path = UserDefaultsAndPropertyListInClassTests.xctest; sourceTree = BUILT_PRODUCTS_DIR; };
		FEF372511B606D95009E0C82 /* Info.plist */ = {isa = PBXFileReference; lastKnownFileType = text.plist.xml; path = Info.plist; sourceTree = "<group>"; };
		FEF372521B606D95009E0C82 /* UserDefaultsAndPropertyListInClassTests.swift */ = {isa = PBXFileReference; lastKnownFileType = sourcecode.swift; path = UserDefaultsAndPropertyListInClassTests.swift; sourceTree = "<group>"; };
		FEF3725C1B606F76009E0C82 /* SongsPList.plist */ = {isa = PBXFileReference; fileEncoding = 4; lastKnownFileType = text.plist.xml; path = SongsPList.plist; sourceTree = "<group>"; };
		FEF3725E1B60705D009E0C82 /* MediaTableViewController.swift */ = {isa = PBXFileReference; fileEncoding = 4; lastKnownFileType = sourcecode.swift; path = MediaTableViewController.swift; sourceTree = "<group>"; };
/* End PBXFileReference section */

/* Begin PBXFrameworksBuildPhase section */
		FEF372341B606D94009E0C82 /* Frameworks */ = {
			isa = PBXFrameworksBuildPhase;
			buildActionMask = 2147483647;
			files = (
			);
			runOnlyForDeploymentPostprocessing = 0;
		};
		FEF372491B606D95009E0C82 /* Frameworks */ = {
			isa = PBXFrameworksBuildPhase;
			buildActionMask = 2147483647;
			files = (
			);
			runOnlyForDeploymentPostprocessing = 0;
		};
/* End PBXFrameworksBuildPhase section */

/* Begin PBXGroup section */
		FEF3722E1B606D94009E0C82 = {
			isa = PBXGroup;
			children = (
				FEF372391B606D94009E0C82 /* UserDefaultsAndPropertyListInClass */,
				FEF3724F1B606D95009E0C82 /* UserDefaultsAndPropertyListInClassTests */,
				FEF372381B606D94009E0C82 /* Products */,
			);
			sourceTree = "<group>";
		};
		FEF372381B606D94009E0C82 /* Products */ = {
			isa = PBXGroup;
			children = (
				FEF372371B606D94009E0C82 /* UserDefaultsAndPropertyListInClass.app */,
				FEF3724C1B606D95009E0C82 /* UserDefaultsAndPropertyListInClassTests.xctest */,
			);
			name = Products;
			sourceTree = "<group>";
		};
		FEF372391B606D94009E0C82 /* UserDefaultsAndPropertyListInClass */ = {
			isa = PBXGroup;
			children = (
				FEF3723C1B606D95009E0C82 /* AppDelegate.swift */,
				FEF3723E1B606D95009E0C82 /* ViewController.swift */,
				FEF372401B606D95009E0C82 /* Main.storyboard */,
				FEF372431B606D95009E0C82 /* Images.xcassets */,
				FEF372451B606D95009E0C82 /* LaunchScreen.xib */,
				FEF3723A1B606D94009E0C82 /* Supporting Files */,
				FEF3725C1B606F76009E0C82 /* SongsPList.plist */,
				FEF3725E1B60705D009E0C82 /* MediaTableViewController.swift */,
			);
			path = UserDefaultsAndPropertyListInClass;
			sourceTree = "<group>";
		};
		FEF3723A1B606D94009E0C82 /* Supporting Files */ = {
			isa = PBXGroup;
			children = (
				FEF3723B1B606D95009E0C82 /* Info.plist */,
			);
			name = "Supporting Files";
			sourceTree = "<group>";
		};
		FEF3724F1B606D95009E0C82 /* UserDefaultsAndPropertyListInClassTests */ = {
			isa = PBXGroup;
			children = (
				FEF372521B606D95009E0C82 /* UserDefaultsAndPropertyListInClassTests.swift */,
				FEF372501B606D95009E0C82 /* Supporting Files */,
			);
			path = UserDefaultsAndPropertyListInClassTests;
			sourceTree = "<group>";
		};
		FEF372501B606D95009E0C82 /* Supporting Files */ = {
			isa = PBXGroup;
			children = (
				FEF372511B606D95009E0C82 /* Info.plist */,
			);
			name = "Supporting Files";
			sourceTree = "<group>";
		};
/* End PBXGroup section */

/* Begin PBXNativeTarget section */
		FEF372361B606D94009E0C82 /* UserDefaultsAndPropertyListInClass */ = {
			isa = PBXNativeTarget;
			buildConfigurationList = FEF372561B606D95009E0C82 /* Build configuration list for PBXNativeTarget "UserDefaultsAndPropertyListInClass" */;
			buildPhases = (
				FEF372331B606D94009E0C82 /* Sources */,
				FEF372341B606D94009E0C82 /* Frameworks */,
				FEF372351B606D94009E0C82 /* Resources */,
			);
			buildRules = (
			);
			dependencies = (
			);
			name = UserDefaultsAndPropertyListInClass;
			productName = UserDefaultsAndPropertyListInClass;
			productReference = FEF372371B606D94009E0C82 /* UserDefaultsAndPropertyListInClass.app */;
			productType = "com.apple.product-type.application";
		};
		FEF3724B1B606D95009E0C82 /* UserDefaultsAndPropertyListInClassTests */ = {
			isa = PBXNativeTarget;
			buildConfigurationList = FEF372591B606D95009E0C82 /* Build configuration list for PBXNativeTarget "UserDefaultsAndPropertyListInClassTests" */;
			buildPhases = (
				FEF372481B606D95009E0C82 /* Sources */,
				FEF372491B606D95009E0C82 /* Frameworks */,
				FEF3724A1B606D95009E0C82 /* Resources */,
			);
			buildRules = (
			);
			dependencies = (
				FEF3724E1B606D95009E0C82 /* PBXTargetDependency */,
			);
			name = UserDefaultsAndPropertyListInClassTests;
			productName = UserDefaultsAndPropertyListInClassTests;
			productReference = FEF3724C1B606D95009E0C82 /* UserDefaultsAndPropertyListInClassTests.xctest */;
			productType = "com.apple.product-type.bundle.unit-test";
		};
/* End PBXNativeTarget section */

/* Begin PBXProject section */
		FEF3722F1B606D94009E0C82 /* Project object */ = {
			isa = PBXProject;
			attributes = {
				LastUpgradeCheck = 0640;
				ORGANIZATIONNAME = "Luke Kanter";
				TargetAttributes = {
					FEF372361B606D94009E0C82 = {
						CreatedOnToolsVersion = 6.4;
					};
					FEF3724B1B606D95009E0C82 = {
						CreatedOnToolsVersion = 6.4;
						TestTargetID = FEF372361B606D94009E0C82;
					};
				};
			};
			buildConfigurationList = FEF372321B606D94009E0C82 /* Build configuration list for PBXProject "UserDefaultsAndPropertyListInClass" */;
			compatibilityVersion = "Xcode 3.2";
			developmentRegion = English;
			hasScannedForEncodings = 0;
			knownRegions = (
				en,
				Base,
			);
			mainGroup = FEF3722E1B606D94009E0C82;
			productRefGroup = FEF372381B606D94009E0C82 /* Products */;
			projectDirPath = "";
			projectRoot = "";
			targets = (
				FEF372361B606D94009E0C82 /* UserDefaultsAndPropertyListInClass */,
				FEF3724B1B606D95009E0C82 /* UserDefaultsAndPropertyListInClassTests */,
			);
		};
/* End PBXProject section */

/* Begin PBXResourcesBuildPhase section */
		FEF372351B606D94009E0C82 /* Resources */ = {
			isa = PBXResourcesBuildPhase;
			buildActionMask = 2147483647;
			files = (
				FEF3725D1B606F76009E0C82 /* SongsPList.plist in Resources */,
				FEF372421B606D95009E0C82 /* Main.storyboard in Resources */,
				FEF372471B606D95009E0C82 /* LaunchScreen.xib in Resources */,
				FEF372441B606D95009E0C82 /* Images.xcassets in Resources */,
			);
			runOnlyForDeploymentPostprocessing = 0;
		};
		FEF3724A1B606D95009E0C82 /* Resources */ = {
			isa = PBXResourcesBuildPhase;
			buildActionMask = 2147483647;
			files = (
			);
			runOnlyForDeploymentPostprocessing = 0;
		};
/* End PBXResourcesBuildPhase section */

/* Begin PBXSourcesBuildPhase section */
		FEF372331B606D94009E0C82 /* Sources */ = {
			isa = PBXSourcesBuildPhase;
			buildActionMask = 2147483647;
			files = (
				FEF3725F1B60705D009E0C82 /* MediaTableViewController.swift in Sources */,
				FEF3723F1B606D95009E0C82 /* ViewController.swift in Sources */,
				FEF3723D1B606D95009E0C82 /* AppDelegate.swift in Sources */,
			);
			runOnlyForDeploymentPostprocessing = 0;
		};
		FEF372481B606D95009E0C82 /* Sources */ = {
			isa = PBXSourcesBuildPhase;
			buildActionMask = 2147483647;
			files = (
				FEF372531B606D95009E0C82 /* UserDefaultsAndPropertyListInClassTests.swift in Sources */,
			);
			runOnlyForDeploymentPostprocessing = 0;
		};
/* End PBXSourcesBuildPhase section */

/* Begin PBXTargetDependency section */
		FEF3724E1B606D95009E0C82 /* PBXTargetDependency */ = {
			isa = PBXTargetDependency;
			target = FEF372361B606D94009E0C82 /* UserDefaultsAndPropertyListInClass */;
			targetProxy = FEF3724D1B606D95009E0C82 /* PBXContainerItemProxy */;
		};
/* End PBXTargetDependency section */

/* Begin PBXVariantGroup section */
		FEF372401B606D95009E0C82 /* Main.storyboard */ = {
			isa = PBXVariantGroup;
			children = (
				FEF372411B606D95009E0C82 /* Base */,
			);
			name = Main.storyboard;
			sourceTree = "<group>";
		};
		FEF372451B606D95009E0C82 /* LaunchScreen.xib */ = {
			isa = PBXVariantGroup;
			children = (
				FEF372461B606D95009E0C82 /* Base */,
			);
			name = LaunchScreen.xib;
			sourceTree = "<group>";
		};
/* End PBXVariantGroup section */

/* Begin XCBuildConfiguration section */
		FEF372541B606D95009E0C82 /* Debug */ = {
			isa = XCBuildConfiguration;
			buildSettings = {
				ALWAYS_SEARCH_USER_PATHS = NO;
				CLANG_CXX_LANGUAGE_STANDARD = "gnu++0x";
				CLANG_CXX_LIBRARY = "libc++";
				CLANG_ENABLE_MODULES = YES;
				CLANG_ENABLE_OBJC_ARC = YES;
				CLANG_WARN_BOOL_CONVERSION = YES;
				CLANG_WARN_CONSTANT_CONVERSION = YES;
				CLANG_WARN_DIRECT_OBJC_ISA_USAGE = YES_ERROR;
				CLANG_WARN_EMPTY_BODY = YES;
				CLANG_WARN_ENUM_CONVERSION = YES;
				CLANG_WARN_INT_CONVERSION = YES;
				CLANG_WARN_OBJC_ROOT_CLASS = YES_ERROR;
				CLANG_WARN_UNREACHABLE_CODE = YES;
				CLANG_WARN__DUPLICATE_METHOD_MATCH = YES;
				"CODE_SIGN_IDENTITY[sdk=iphoneos*]" = "iPhone Developer";
				COPY_PHASE_STRIP = NO;
				DEBUG_INFORMATION_FORMAT = "dwarf-with-dsym";
				ENABLE_STRICT_OBJC_MSGSEND = YES;
				GCC_C_LANGUAGE_STANDARD = gnu99;
				GCC_DYNAMIC_NO_PIC = NO;
				GCC_NO_COMMON_BLOCKS = YES;
				GCC_OPTIMIZATION_LEVEL = 0;
				GCC_PREPROCESSOR_DEFINITIONS = (
					"DEBUG=1",
					"$(inherited)",
				);
				GCC_SYMBOLS_PRIVATE_EXTERN = NO;
				GCC_WARN_64_TO_32_BIT_CONVERSION = YES;
				GCC_WARN_ABOUT_RETURN_TYPE = YES_ERROR;
				GCC_WARN_UNDECLARED_SELECTOR = YES;
				GCC_WARN_UNINITIALIZED_AUTOS = YES_AGGRESSIVE;
				GCC_WARN_UNUSED_FUNCTION = YES;
				GCC_WARN_UNUSED_VARIABLE = YES;
				IPHONEOS_DEPLOYMENT_TARGET = 8.4;
				MTL_ENABLE_DEBUG_INFO = YES;
				ONLY_ACTIVE_ARCH = YES;
				SDKROOT = iphoneos;
				SWIFT_OPTIMIZATION_LEVEL = "-Onone";
			};
			name = Debug;
		};
		FEF372551B606D95009E0C82 /* Release */ = {
			isa = XCBuildConfiguration;
			buildSettings = {
				ALWAYS_SEARCH_USER_PATHS = NO;
				CLANG_CXX_LANGUAGE_STANDARD = "gnu++0x";
				CLANG_CXX_LIBRARY = "libc++";
				CLANG_ENABLE_MODULES = YES;
				CLANG_ENABLE_OBJC_ARC = YES;
				CLANG_WARN_BOOL_CONVERSION = YES;
				CLANG_WARN_CONSTANT_CONVERSION = YES;
				CLANG_WARN_DIRECT_OBJC_ISA_USAGE = YES_ERROR;
				CLANG_WARN_EMPTY_BODY = YES;
				CLANG_WARN_ENUM_CONVERSION = YES;
				CLANG_WARN_INT_CONVERSION = YES;
				CLANG_WARN_OBJC_ROOT_CLASS = YES_ERROR;
				CLANG_WARN_UNREACHABLE_CODE = YES;
				CLANG_WARN__DUPLICATE_METHOD_MATCH = YES;
				"CODE_SIGN_IDENTITY[sdk=iphoneos*]" = "iPhone Developer";
				COPY_PHASE_STRIP = NO;
				DEBUG_INFORMATION_FORMAT = "dwarf-with-dsym";
				ENABLE_NS_ASSERTIONS = NO;
				ENABLE_STRICT_OBJC_MSGSEND = YES;
				GCC_C_LANGUAGE_STANDARD = gnu99;
				GCC_NO_COMMON_BLOCKS = YES;
				GCC_WARN_64_TO_32_BIT_CONVERSION = YES;
				GCC_WARN_ABOUT_RETURN_TYPE = YES_ERROR;
				GCC_WARN_UNDECLARED_SELECTOR = YES;
				GCC_WARN_UNINITIALIZED_AUTOS = YES_AGGRESSIVE;
				GCC_WARN_UNUSED_FUNCTION = YES;
				GCC_WARN_UNUSED_VARIABLE = YES;
				IPHONEOS_DEPLOYMENT_TARGET = 8.4;
				MTL_ENABLE_DEBUG_INFO = NO;
				SDKROOT = iphoneos;
				VALIDATE_PRODUCT = YES;
			};
			name = Release;
		};
		FEF372571B606D95009E0C82 /* Debug */ = {
			isa = XCBuildConfiguration;
			buildSettings = {
				ASSETCATALOG_COMPILER_APPICON_NAME = AppIcon;
				INFOPLIST_FILE = UserDefaultsAndPropertyListInClass/Info.plist;
				LD_RUNPATH_SEARCH_PATHS = "$(inherited) @executable_path/Frameworks";
				PRODUCT_NAME = "$(TARGET_NAME)";
			};
			name = Debug;
		};
		FEF372581B606D95009E0C82 /* Release */ = {
			isa = XCBuildConfiguration;
			buildSettings = {
				ASSETCATALOG_COMPILER_APPICON_NAME = AppIcon;
				INFOPLIST_FILE = UserDefaultsAndPropertyListInClass/Info.plist;
				LD_RUNPATH_SEARCH_PATHS = "$(inherited) @executable_path/Frameworks";
				PRODUCT_NAME = "$(TARGET_NAME)";
			};
			name = Release;
		};
		FEF3725A1B606D95009E0C82 /* Debug */ = {
			isa = XCBuildConfiguration;
			buildSettings = {
				BUNDLE_LOADER = "$(TEST_HOST)";
				FRAMEWORK_SEARCH_PATHS = (
					"$(SDKROOT)/Developer/Library/Frameworks",
					"$(inherited)",
				);
				GCC_PREPROCESSOR_DEFINITIONS = (
					"DEBUG=1",
					"$(inherited)",
				);
				INFOPLIST_FILE = UserDefaultsAndPropertyListInClassTests/Info.plist;
				LD_RUNPATH_SEARCH_PATHS = "$(inherited) @executable_path/Frameworks @loader_path/Frameworks";
				PRODUCT_NAME = "$(TARGET_NAME)";
				TEST_HOST = "$(BUILT_PRODUCTS_DIR)/UserDefaultsAndPropertyListInClass.app/UserDefaultsAndPropertyListInClass";
			};
			name = Debug;
		};
		FEF3725B1B606D95009E0C82 /* Release */ = {
			isa = XCBuildConfiguration;
			buildSettings = {
				BUNDLE_LOADER = "$(TEST_HOST)";
				FRAMEWORK_SEARCH_PATHS = (
					"$(SDKROOT)/Developer/Library/Frameworks",
					"$(inherited)",
				);
				INFOPLIST_FILE = UserDefaultsAndPropertyListInClassTests/Info.plist;
				LD_RUNPATH_SEARCH_PATHS = "$(inherited) @executable_path/Frameworks @loader_path/Frameworks";
				PRODUCT_NAME = "$(TARGET_NAME)";
				TEST_HOST = "$(BUILT_PRODUCTS_DIR)/UserDefaultsAndPropertyListInClass.app/UserDefaultsAndPropertyListInClass";
			};
			name = Release;
		};
/* End XCBuildConfiguration section */

/* Begin XCConfigurationList section */
		FEF372321B606D94009E0C82 /* Build configuration list for PBXProject "UserDefaultsAndPropertyListInClass" */ = {
			isa = XCConfigurationList;
			buildConfigurations = (
				FEF372541B606D95009E0C82 /* Debug */,
				FEF372551B606D95009E0C82 /* Release */,
			);
			defaultConfigurationIsVisible = 0;
			defaultConfigurationName = Release;
		};
		FEF372561B606D95009E0C82 /* Build configuration list for PBXNativeTarget "UserDefaultsAndPropertyListInClass" */ = {
			isa = XCConfigurationList;
			buildConfigurations = (
				FEF372571B606D95009E0C82 /* Debug */,
				FEF372581B606D95009E0C82 /* Release */,
			);
			defaultConfigurationIsVisible = 0;
		};
		FEF372591B606D95009E0C82 /* Build configuration list for PBXNativeTarget "UserDefaultsAndPropertyListInClassTests" */ = {
			isa = XCConfigurationList;
			buildConfigurations = (
				FEF3725A1B606D95009E0C82 /* Debug */,
				FEF3725B1B606D95009E0C82 /* Release */,
			);
			defaultConfigurationIsVisible = 0;
		};
/* End XCConfigurationList section */
	};
	rootObject = FEF3722F1B606D94009E0C82 /* Project object */;
}
